
Microsoft Visual Studio Solution File, Format Version 12.00
# Visual Studio Version 16
VisualStudioVersion = 16.0.30517.126
MinimumVisualStudioVersion = 10.0.40219.1
Project("{FAE04EC0-301F-11D3-BF4B-00C04F79EFBC}") = "GuestBookSystem", "GuestBookSystem\GuestBookSystem.csproj", "{8C72C26A-A109-42D2-AAA3-20D9C76064B3}"
EndProject
Global
	GlobalSection(SolutionConfigurationPlatforms) = preSolution
		Debug|Any CPU = Debug|Any CPU
		Release|Any CPU = Release|Any CPU
	EndGlobalSection
	GlobalSection(ProjectConfigurationPlatforms) = postSolution
		{8C72C26A-A109-42D2-AAA3-20D9C76064B3}.Debug|Any CPU.ActiveCfg = Debug|Any CPU
		{8C72C26A-A109-42D2-AAA3-20D9C76064B3}.Debug|Any CPU.Build.0 = Debug|Any CPU
		{8C72C26A-A109-42D2-AAA3-20D9C76064B3}.Release|Any CPU.ActiveCfg = Release|Any CPU
		{8C72C26A-A109-42D2-AAA3-20D9C76064B3}.Release|Any CPU.Build.0 = Release|Any CPU
	EndGlobalSection
	GlobalSection(SolutionProperties) = preSolution
		HideSolutionNode = FALSE
	EndGlobalSection
	GlobalSection(ExtensibilityGlobals) = postSolution
		SolutionGuid = {CF442E8D-57C9-42A8-A2EC-6E3B15012E48}
	EndGlobalSection
EndGlobal
